// !$*UTF8*$!
{
	archiveVersion = 1;
	classes = {
	};
	objectVersion = 50;
	objects = {

/* Begin PBXBuildFile section */
		C959B376269AAC7D00BEE786 /* AppDelegate.swift in Sources */ = {isa = PBXBuildFile; fileRef = C959B375269AAC7D00BEE786 /* AppDelegate.swift */; };
		C959B378269AAC7D00BEE786 /* SceneDelegate.swift in Sources */ = {isa = PBXBuildFile; fileRef = C959B377269AAC7D00BEE786 /* SceneDelegate.swift */; };
		C959B37A269AAC7D00BEE786 /* ViewController.swift in Sources */ = {isa = PBXBuildFile; fileRef = C959B379269AAC7D00BEE786 /* ViewController.swift */; };
		C959B37D269AAC7D00BEE786 /* Main.storyboard in Resources */ = {isa = PBXBuildFile; fileRef = C959B37B269AAC7D00BEE786 /* Main.storyboard */; };
		C959B37F269AAC7E00BEE786 /* Assets.xcassets in Resources */ = {isa = PBXBuildFile; fileRef = C959B37E269AAC7E00BEE786 /* Assets.xcassets */; };
		C959B382269AAC7E00BEE786 /* LaunchScreen.storyboard in Resources */ = {isa = PBXBuildFile; fileRef = C959B380269AAC7E00BEE786 /* LaunchScreen.storyboard */; };
/* End PBXBuildFile section */

/* Begin PBXFileReference section */
		C959B372269AAC7D00BEE786 /* VCTaskFour.app */ = {isa = PBXFileReference; explicitFileType = wrapper.application; includeInIndex = 0; path = VCTaskFour.app; sourceTree = BUILT_PRODUCTS_DIR; };
		C959B375269AAC7D00BEE786 /* AppDelegate.swift */ = {isa = PBXFileReference; lastKnownFileType = sourcecode.swift; path = AppDelegate.swift; sourceTree = "<group>"; };
		C959B377269AAC7D00BEE786 /* SceneDelegate.swift */ = {isa = PBXFileReference; lastKnownFileType = sourcecode.swift; path = SceneDelegate.swift; sourceTree = "<group>"; };
		C959B379269AAC7D00BEE786 /* ViewController.swift */ = {isa = PBXFileReference; lastKnownFileType = sourcecode.swift; path = ViewController.swift; sourceTree = "<group>"; };
		C959B37C269AAC7D00BEE786 /* Base */ = {isa = PBXFileReference; lastKnownFileType = file.storyboard; name = Base; path = Base.lproj/Main.storyboard; sourceTree = "<group>"; };
		C959B37E269AAC7E00BEE786 /* Assets.xcassets */ = {isa = PBXFileReference; lastKnownFileType = folder.assetcatalog; path = Assets.xcassets; sourceTree = "<group>"; };
		C959B381269AAC7E00BEE786 /* Base */ = {isa = PBXFileReference; lastKnownFileType = file.storyboard; name = Base; path = Base.lproj/LaunchScreen.storyboard; sourceTree = "<group>"; };
		C959B383269AAC7E00BEE786 /* Info.plist */ = {isa = PBXFileReference; lastKnownFileType = text.plist.xml; path = Info.plist; sourceTree = "<group>"; };
/* End PBXFileReference section */

/* Begin PBXFrameworksBuildPhase section */
		C959B36F269AAC7D00BEE786 /* Frameworks */ = {
			isa = PBXFrameworksBuildPhase;
			buildActionMask = 2147483647;
			files = (
			);
			runOnlyForDeploymentPostprocessing = 0;
		};
/* End PBXFrameworksBuildPhase section */

/* Begin PBXGroup section */
		C959B369269AAC7D00BEE786 = {
			isa = PBXGroup;
			children = (
				C959B374269AAC7D00BEE786 /* VCTaskFour */,
				C959B373269AAC7D00BEE786 /* Products */,
			);
			sourceTree = "<group>";
		};
		C959B373269AAC7D00BEE786 /* Products */ = {
			isa = PBXGroup;
			children = (
				C959B372269AAC7D00BEE786 /* VCTaskFour.app */,
			);
			name = Products;
			sourceTree = "<group>";
		};
		C959B374269AAC7D00BEE786 /* VCTaskFour */ = {
			isa = PBXGroup;
			children = (
				C959B375269AAC7D00BEE786 /* AppDelegate.swift */,
				C959B377269AAC7D00BEE786 /* SceneDelegate.swift */,
				C959B379269AAC7D00BEE786 /* ViewController.swift */,
				C959B37B269AAC7D00BEE786 /* Main.storyboard */,
				C959B37E269AAC7E00BEE786 /* Assets.xcassets */,
				C959B380269AAC7E00BEE786 /* LaunchScreen.storyboard */,
				C959B383269AAC7E00BEE786 /* Info.plist */,
			);
			path = VCTaskFour;
			sourceTree = "<group>";
		};
/* End PBXGroup section */

/* Begin PBXNativeTarget section */
		C959B371269AAC7D00BEE786 /* VCTaskFour */ = {
			isa = PBXNativeTarget;
			buildConfigurationList = C959B386269AAC7E00BEE786 /* Build configuration list for PBXNativeTarget "VCTaskFour" */;
			buildPhases = (
				C959B36E269AAC7D00BEE786 /* Sources */,
				C959B36F269AAC7D00BEE786 /* Frameworks */,
				C959B370269AAC7D00BEE786 /* Resources */,
			);
			buildRules = (
			);
			dependencies = (
			);
			name = VCTaskFour;
			productName = VCTaskFour;
			productReference = C959B372269AAC7D00BEE786 /* VCTaskFour.app */;
			productType = "com.apple.product-type.application";
		};
/* End PBXNativeTarget section */

/* Begin PBXProject section */
		C959B36A269AAC7D00BEE786 /* Project object */ = {
			isa = PBXProject;
			attributes = {
				LastSwiftUpdateCheck = 1250;
				LastUpgradeCheck = 1250;
				TargetAttributes = {
					C959B371269AAC7D00BEE786 = {
						CreatedOnToolsVersion = 12.5.1;
					};
				};
			};
			buildConfigurationList = C959B36D269AAC7D00BEE786 /* Build configuration list for PBXProject "VCTaskFour" */;
			compatibilityVersion = "Xcode 9.3";
			developmentRegion = en;
			hasScannedForEncodings = 0;
			knownRegions = (
				en,
				Base,
			);
			mainGroup = C959B369269AAC7D00BEE786;
			productRefGroup = C959B373269AAC7D00BEE786 /* Products */;
			projectDirPath = "";
			projectRoot = "";
			targets = (
				C959B371269AAC7D00BEE786 /* VCTaskFour */,
			);
		};
/* End PBXProject section */

/* Begin PBXResourcesBuildPhase section */
		C959B370269AAC7D00BEE786 /* Resources */ = {
			isa = PBXResourcesBuildPhase;
			buildActionMask = 2147483647;
			files = (
				C959B382269AAC7E00BEE786 /* LaunchScreen.storyboard in Resources */,
				C959B37F269AAC7E00BEE786 /* Assets.xcassets in Resources */,
				C959B37D269AAC7D00BEE786 /* Main.storyboard in Resources */,
			);
			runOnlyForDeploymentPostprocessing = 0;
		};
/* End PBXResourcesBuildPhase section */

/* Begin PBXSourcesBuildPhase section */
		C959B36E269AAC7D00BEE786 /* Sources */ = {
			isa = PBXSourcesBuildPhase;
			buildActionMask = 2147483647;
			files = (
				C959B37A269AAC7D00BEE786 /* ViewController.swift in Sources */,
				C959B376269AAC7D00BEE786 /* AppDelegate.swift in Sources */,
				C959B378269AAC7D00BEE786 /* SceneDelegate.swift in Sources */,
			);
			runOnlyForDeploymentPostprocessing = 0;
		};
/* End PBXSourcesBuildPhase section */

/* Begin PBXVariantGroup section */
		C959B37B269AAC7D00BEE786 /* Main.storyboard */ = {
			isa = PBXVariantGroup;
			children = (
				C959B37C269AAC7D00BEE786 /* Base */,
			);
			name = Main.storyboard;
			sourceTree = "<group>";
		};
		C959B380269AAC7E00BEE786 /* LaunchScreen.storyboard */ = {
			isa = PBXVariantGroup;
			children = (
				C959B381269AAC7E00BEE786 /* Base */,
			);
			name = LaunchScreen.storyboard;
			sourceTree = "<group>";
		};
/* End PBXVariantGroup section */

/* Begin XCBuildConfiguration section */
		C959B384269AAC7E00BEE786 /* Debug */ = {
			isa = XCBuildConfiguration;
			buildSettings = {
				ALWAYS_SEARCH_USER_PATHS = NO;
				CLANG_ANALYZER_NONNULL = YES;
				CLANG_ANALYZER_NUMBER_OBJECT_CONVERSION = YES_AGGRESSIVE;
				CLANG_CXX_LANGUAGE_STANDARD = "gnu++14";
				CLANG_CXX_LIBRARY = "libc++";
				CLANG_ENABLE_MODULES = YES;
				CLANG_ENABLE_OBJC_ARC = YES;
				CLANG_ENABLE_OBJC_WEAK = YES;
				CLANG_WARN_BLOCK_CAPTURE_AUTORELEASING = YES;
				CLANG_WARN_BOOL_CONVERSION = YES;
				CLANG_WARN_COMMA = YES;
				CLANG_WARN_CONSTANT_CONVERSION = YES;
				CLANG_WARN_DEPRECATED_OBJC_IMPLEMENTATIONS = YES;
				CLANG_WARN_DIRECT_OBJC_ISA_USAGE = YES_ERROR;
				CLANG_WARN_DOCUMENTATION_COMMENTS = YES;
				CLANG_WARN_EMPTY_BODY = YES;
				CLANG_WARN_ENUM_CONVERSION = YES;
				CLANG_WARN_INFINITE_RECURSION = YES;
				CLANG_WARN_INT_CONVERSION = YES;
				CLANG_WARN_NON_LITERAL_NULL_CONVERSION = YES;
				CLANG_WARN_OBJC_IMPLICIT_RETAIN_SELF = YES;
				CLANG_WARN_OBJC_LITERAL_CONVERSION = YES;
				CLANG_WARN_OBJC_ROOT_CLASS = YES_ERROR;
				CLANG_WARN_QUOTED_INCLUDE_IN_FRAMEWORK_HEADER = YES;
				CLANG_WARN_RANGE_LOOP_ANALYSIS = YES;
				CLANG_WARN_STRICT_PROTOTYPES = YES;
				CLANG_WARN_SUSPICIOUS_MOVE = YES;
				CLANG_WARN_UNGUARDED_AVAILABILITY = YES_AGGRESSIVE;
				CLANG_WARN_UNREACHABLE_CODE = YES;
				CLANG_WARN__DUPLICATE_METHOD_MATCH = YES;
				COPY_PHASE_STRIP = NO;
				DEBUG_INFORMATION_FORMAT = dwarf;
				ENABLE_STRICT_OBJC_MSGSEND = YES;
				ENABLE_TESTABILITY = YES;
				GCC_C_LANGUAGE_STANDARD = gnu11;
				GCC_DYNAMIC_NO_PIC = NO;
				GCC_NO_COMMON_BLOCKS = YES;
				GCC_OPTIMIZATION_LEVEL = 0;
				GCC_PREPROCESSOR_DEFINITIONS = (
					"DEBUG=1",
					"$(inherited)",
				);
				GCC_WARN_64_TO_32_BIT_CONVERSION = YES;
				GCC_WARN_ABOUT_RETURN_TYPE = YES_ERROR;
				GCC_WARN_UNDECLARED_SELECTOR = YES;
				GCC_WARN_UNINITIALIZED_AUTOS = YES_AGGRESSIVE;
				GCC_WARN_UNUSED_FUNCTION = YES;
				GCC_WARN_UNUSED_VARIABLE = YES;
				IPHONEOS_DEPLOYMENT_TARGET = 14.5;
				MTL_ENABLE_DEBUG_INFO = INCLUDE_SOURCE;
				MTL_FAST_MATH = YES;
				ONLY_ACTIVE_ARCH = YES;
				SDKROOT = iphoneos;
				SWIFT_ACTIVE_COMPILATION_CONDITIONS = DEBUG;
				SWIFT_OPTIMIZATION_LEVEL = "-Onone";
			};
			name = Debug;
		};
		C959B385269AAC7E00BEE786 /* Release */ = {
			isa = XCBuildConfiguration;
			buildSettings = {
				ALWAYS_SEARCH_USER_PATHS = NO;
				CLANG_ANALYZER_NONNULL = YES;
				CLANG_ANALYZER_NUMBER_OBJECT_CONVERSION = YES_AGGRESSIVE;
				CLANG_CXX_LANGUAGE_STANDARD = "gnu++14";
				CLANG_CXX_LIBRARY = "libc++";
				CLANG_ENABLE_MODULES = YES;
				CLANG_ENABLE_OBJC_ARC = YES;
				CLANG_ENABLE_OBJC_WEAK = YES;
				CLANG_WARN_BLOCK_CAPTURE_AUTORELEASING = YES;
				CLANG_WARN_BOOL_CONVERSION = YES;
				CLANG_WARN_COMMA = YES;
				CLANG_WARN_CONSTANT_CONVERSION = YES;
				CLANG_WARN_DEPRECATED_OBJC_IMPLEMENTATIONS = YES;
				CLANG_WARN_DIRECT_OBJC_ISA_USAGE = YES_ERROR;
				CLANG_WARN_DOCUMENTATION_COMMENTS = YES;
				CLANG_WARN_EMPTY_BODY = YES;
				CLANG_WARN_ENUM_CONVERSION = YES;
				CLANG_WARN_INFINITE_RECURSION = YES;
				CLANG_WARN_INT_CONVERSION = YES;
				CLANG_WARN_NON_LITERAL_NULL_CONVERSION = YES;
				CLANG_WARN_OBJC_IMPLICIT_RETAIN_SELF = YES;
				CLANG_WARN_OBJC_LITERAL_CONVERSION = YES;
				CLANG_WARN_OBJC_ROOT_CLASS = YES_ERROR;
				CLANG_WARN_QUOTED_INCLUDE_IN_FRAMEWORK_HEADER = YES;
				CLANG_WARN_RANGE_LOOP_ANALYSIS = YES;
				CLANG_WARN_STRICT_PROTOTYPES = YES;
				CLANG_WARN_SUSPICIOUS_MOVE = YES;
				CLANG_WARN_UNGUARDED_AVAILABILITY = YES_AGGRESSIVE;
				CLANG_WARN_UNREACHABLE_CODE = YES;
				CLANG_WARN__DUPLICATE_METHOD_MATCH = YES;
				COPY_PHASE_STRIP = NO;
				DEBUG_INFORMATION_FORMAT = "dwarf-with-dsym";
				ENABLE_NS_ASSERTIONS = NO;
				ENABLE_STRICT_OBJC_MSGSEND = YES;
				GCC_C_LANGUAGE_STANDARD = gnu11;
				GCC_NO_COMMON_BLOCKS = YES;
				GCC_WARN_64_TO_32_BIT_CONVERSION = YES;
				GCC_WARN_ABOUT_RETURN_TYPE = YES_ERROR;
				GCC_WARN_UNDECLARED_SELECTOR = YES;
				GCC_WARN_UNINITIALIZED_AUTOS = YES_AGGRESSIVE;
				GCC_WARN_UNUSED_FUNCTION = YES;
				GCC_WARN_UNUSED_VARIABLE = YES;
				IPHONEOS_DEPLOYMENT_TARGET = 14.5;
				MTL_ENABLE_DEBUG_INFO = NO;
				MTL_FAST_MATH = YES;
				SDKROOT = iphoneos;
				SWIFT_COMPILATION_MODE = wholemodule;
				SWIFT_OPTIMIZATION_LEVEL = "-O";
				VALIDATE_PRODUCT = YES;
			};
			name = Release;
		};
		C959B387269AAC7E00BEE786 /* Debug */ = {
			isa = XCBuildConfiguration;
			buildSettings = {
				ASSETCATALOG_COMPILER_APPICON_NAME = AppIcon;
				ASSETCATALOG_COMPILER_GLOBAL_ACCENT_COLOR_NAME = AccentColor;
				CODE_SIGN_STYLE = Automatic;
				DEVELOPMENT_TEAM = 3KY36TCP3K;
				INFOPLIST_FILE = VCTaskFour/Info.plist;
				LD_RUNPATH_SEARCH_PATHS = (
					"$(inherited)",
					"@executable_path/Frameworks",
				);
				PRODUCT_BUNDLE_IDENTIFIER = a2.VCTaskFour;
				PRODUCT_NAME = "$(TARGET_NAME)";
				SWIFT_VERSION = 5.0;
				TARGETED_DEVICE_FAMILY = "1,2";
			};
			name = Debug;
		};
		C959B388269AAC7E00BEE786 /* Release */ = {
			isa = XCBuildConfiguration;
			buildSettings = {
				ASSETCATALOG_COMPILER_APPICON_NAME = AppIcon;
				ASSETCATALOG_COMPILER_GLOBAL_ACCENT_COLOR_NAME = AccentColor;
				CODE_SIGN_STYLE = Automatic;
				DEVELOPMENT_TEAM = 3KY36TCP3K;
				INFOPLIST_FILE = VCTaskFour/Info.plist;
				LD_RUNPATH_SEARCH_PATHS = (
					"$(inherited)",
					"@executable_path/Frameworks",
				);
				PRODUCT_BUNDLE_IDENTIFIER = a2.VCTaskFour;
				PRODUCT_NAME = "$(TARGET_NAME)";
				SWIFT_VERSION = 5.0;
				TARGETED_DEVICE_FAMILY = "1,2";
			};
			name = Release;
		};
/* End XCBuildConfiguration section */

/* Begin XCConfigurationList section */
		C959B36D269AAC7D00BEE786 /* Build configuration list for PBXProject "VCTaskFour" */ = {
			isa = XCConfigurationList;
			buildConfigurations = (
				C959B384269AAC7E00BEE786 /* Debug */,
				C959B385269AAC7E00BEE786 /* Release */,
			);
			defaultConfigurationIsVisible = 0;
			defaultConfigurationName = Release;
		};
		C959B386269AAC7E00BEE786 /* Build configuration list for PBXNativeTarget "VCTaskFour" */ = {
			isa = XCConfigurationList;
			buildConfigurations = (
				C959B387269AAC7E00BEE786 /* Debug */,
				C959B388269AAC7E00BEE786 /* Release */,
			);
			defaultConfigurationIsVisible = 0;
			defaultConfigurationName = Release;
		};
/* End XCConfigurationList section */
	};
	rootObject = C959B36A269AAC7D00BEE786 /* Project object */;
}
